
Microsoft Visual Studio Solution File, Format Version 12.00
# Visual Studio Version 16
VisualStudioVersion = 16.0.30503.244
MinimumVisualStudioVersion = 10.0.40219.1
Project("{FAE04EC0-301F-11D3-BF4B-00C04F79EFBC}") = "HomeWork_5(edit)", "HomeWork_5(edit)\HomeWork_5(edit).csproj", "{403FF366-9A14-4881-8FDF-8BE39867254C}"
EndProject
Global
	GlobalSection(SolutionConfigurationPlatforms) = preSolution
		Debug|Any CPU = Debug|Any CPU
		Release|Any CPU = Release|Any CPU
	EndGlobalSection
	GlobalSection(ProjectConfigurationPlatforms) = postSolution
		{403FF366-9A14-4881-8FDF-8BE39867254C}.Debug|Any CPU.ActiveCfg = Debug|Any CPU
		{403FF366-9A14-4881-8FDF-8BE39867254C}.Debug|Any CPU.Build.0 = Debug|Any CPU
		{403FF366-9A14-4881-8FDF-8BE39867254C}.Release|Any CPU.ActiveCfg = Release|Any CPU
		{403FF366-9A14-4881-8FDF-8BE39867254C}.Release|Any CPU.Build.0 = Release|Any CPU
	EndGlobalSection
	GlobalSection(SolutionProperties) = preSolution
		HideSolutionNode = FALSE
	EndGlobalSection
	GlobalSection(ExtensibilityGlobals) = postSolution
		SolutionGuid = {F4C9E9B4-F716-4457-8773-00A366B185F1}
	EndGlobalSection
EndGlobal
